
Microsoft Visual Studio Solution File, Format Version 12.00
# Visual Studio Version 17
VisualStudioVersion = 17.4.33205.214
MinimumVisualStudioVersion = 10.0.40219.1
Project("{9A19103F-16F7-4668-BE54-9A1E7A4F7556}") = "LeituraDeArquivos", "LeituraDeArquivos\LeituraDeArquivos.csproj", "{216F6610-C924-4A01-A026-29BE43F57CE8}"
	ProjectSection(ProjectDependencies) = postProject
		{A7EEDAD4-37C2-4092-A64E-FD3822A36458} = {A7EEDAD4-37C2-4092-A64E-FD3822A36458}
	EndProjectSection
EndProject
Project("{FAE04EC0-301F-11D3-BF4B-00C04F79EFBC}") = "ConsoleApp1", "ConsoleApp1\ConsoleApp1.csproj", "{0D2EFD9C-2B9E-4D85-82DD-68A9992C659C}"
	ProjectSection(ProjectDependencies) = postProject
		{A7EEDAD4-37C2-4092-A64E-FD3822A36458} = {A7EEDAD4-37C2-4092-A64E-FD3822A36458}
	EndProjectSection
EndProject
Project("{FAE04EC0-301F-11D3-BF4B-00C04F79EFBC}") = "LeituraArquivos.Core", "LeituraArquivos.Core\LeituraArquivos.Core.csproj", "{A7EEDAD4-37C2-4092-A64E-FD3822A36458}"
EndProject
Global
	GlobalSection(SolutionConfigurationPlatforms) = preSolution
		Debug|Any CPU = Debug|Any CPU
		Release|Any CPU = Release|Any CPU
	EndGlobalSection
	GlobalSection(ProjectConfigurationPlatforms) = postSolution
		{216F6610-C924-4A01-A026-29BE43F57CE8}.Debug|Any CPU.ActiveCfg = Debug|Any CPU
		{216F6610-C924-4A01-A026-29BE43F57CE8}.Debug|Any CPU.Build.0 = Debug|Any CPU
		{216F6610-C924-4A01-A026-29BE43F57CE8}.Release|Any CPU.ActiveCfg = Release|Any CPU
		{216F6610-C924-4A01-A026-29BE43F57CE8}.Release|Any CPU.Build.0 = Release|Any CPU
		{0D2EFD9C-2B9E-4D85-82DD-68A9992C659C}.Debug|Any CPU.ActiveCfg = Debug|Any CPU
		{0D2EFD9C-2B9E-4D85-82DD-68A9992C659C}.Debug|Any CPU.Build.0 = Debug|Any CPU
		{0D2EFD9C-2B9E-4D85-82DD-68A9992C659C}.Release|Any CPU.ActiveCfg = Release|Any CPU
		{0D2EFD9C-2B9E-4D85-82DD-68A9992C659C}.Release|Any CPU.Build.0 = Release|Any CPU
		{A7EEDAD4-37C2-4092-A64E-FD3822A36458}.Debug|Any CPU.ActiveCfg = Debug|Any CPU
		{A7EEDAD4-37C2-4092-A64E-FD3822A36458}.Debug|Any CPU.Build.0 = Debug|Any CPU
		{A7EEDAD4-37C2-4092-A64E-FD3822A36458}.Release|Any CPU.ActiveCfg = Release|Any CPU
		{A7EEDAD4-37C2-4092-A64E-FD3822A36458}.Release|Any CPU.Build.0 = Release|Any CPU
	EndGlobalSection
	GlobalSection(SolutionProperties) = preSolution
		HideSolutionNode = FALSE
	EndGlobalSection
	GlobalSection(ExtensibilityGlobals) = postSolution
		SolutionGuid = {53F05113-66C6-4437-A338-1331788330C3}
	EndGlobalSection
EndGlobal
